{
  "originHash" : "ec7d68512e283193188226be3efff99a05e601a80f013a4c5b3e98cdba0c4235",
  "pins" : [
    {
      "identity" : "minkasu2fa_pod",
      "kind" : "remoteSourceControl",
      "location" : "https://github.com/mk-it-admin/Minkasu2FA_Pod.git",
      "state" : {
        "revision" : "75b3b79946560b1f7004abcb2fa00b0278da4810",
        "version" : "5.1.1"
      }
    }
  ],
  "version" : 3
}
