{
  "originHash" : "ec7d68512e283193188226be3efff99a05e601a80f013a4c5b3e98cdba0c4235",
  "pins" : [
    {
      "identity" : "minkasu2fa_pod",
      "kind" : "remoteSourceControl",
      "location" : "https://github.com/mk-it-admin/Minkasu2FA_Pod.git",
      "state" : {
        "revision" : "ada6891ec78a2680d64acf3c604a67fdeb9e5c79",
        "version" : "5.1.2"
      }
    }
  ],
  "version" : 3
}
